github.com/beevik/guid v1.0.0 h1:XhTlrl9h5+TlkB7MB3SBwAm2+ZdFE62O0D+g7LDFqqI=
github.com/beevik/guid v1.0.0/go.mod h1:FyB4y08P/8c0J0xhRHR6xVjdXIpGDwpMXzmGV6vWDj4=
github.com/pelletier/go-toml v1.9.5 h1:4yBQzkHv+7BHq2PQUZF3Mx0IYxG7LsP222s7Agd3ve8=
github.com/pelletier/go-toml v1.9.5/go.mod h1:u1nR/EPcESfeI/szUZKdtJ0xRNbUoANCkoOuaOx1Y+c=
