# THIS IS AN AUTOGENERATED FILE. DO NOT EDIT THIS FILE DIRECTLY.
# yarn lockfile v1


"@babel/runtime@^7.21.0":
  version "7.24.1"
  resolved "https://registry.yarnpkg.com/@babel/runtime/-/runtime-7.24.1.tgz#431f9a794d173b53720e69a6464abc6f0e2a5c57"
  integrity sha512-+BIznRzyqBf+2wCTxcKE3wDjfGeCoVE61KSHGpkzqrLi8qxqFwBeUFyId2cxkTmm55fzDGnm0+yCxaxygrLUnQ==
  dependencies:
    regenerator-runtime "^0.14.0"

regenerator-runtime@^0.14.0:
  version "0.14.1"
  resolved "https://registry.yarnpkg.com/regenerator-runtime/-/regenerator-runtime-0.14.1.tgz#356ade10263f685dda125100cd862c1db895327f"
  integrity sha512-dYnhHh0nJoMfnkZs6GmmhFknAGRrLznOu5nc9ML+EJxGvrx6H7teuevqVqCuPcPK//3eDrrjQhehXVx9cnkGdw==

rete-area-plugin@^2.0.2:
  version "2.0.2"
  resolved "https://registry.yarnpkg.com/rete-area-plugin/-/rete-area-plugin-2.0.2.tgz#260254d247866363db5dbadc363d6c2ddb44c76f"
  integrity sha512-pMRNRl5jNFwsEcaIWvaHgB9QV4CrqfGipEPpxPrbS1oQXezDJ18sbELU68WceJ534OMAcu/9XiN2VLpGbRWoog==
  dependencies:
    "@babel/runtime" "^7.21.0"

rete-connection-plugin@^2.0.1:
  version "2.0.1"
  resolved "https://registry.yarnpkg.com/rete-connection-plugin/-/rete-connection-plugin-2.0.1.tgz#e6d2ed0af14e8ca2165efcffba9c2546890b559d"
  integrity sha512-KE1IcjeOQtHgkByODtWS5hgRJDGhR3Z9sZyJAEd7YMgI6o+KUIflcNjbkvhJvPeIAv6WlEAh7ZkwdLhF9bkr4w==
  dependencies:
    "@babel/runtime" "^7.21.0"

rete@^2.0.3:
  version "2.0.3"
  resolved "https://registry.yarnpkg.com/rete/-/rete-2.0.3.tgz#293d51e3d0028516c6b50b14736e5af070e201fb"
  integrity sha512-/xzcyEBhVXhMZVZHElnYaLKOmTEuwlnul9Wfjvxw5sdl/+6Nqn2nyqIaW4koefrFpIWZy9aitnjnP3zeCMVDuw==
  dependencies:
    "@babel/runtime" "^7.21.0"
